
Microsoft Visual Studio Solution File, Format Version 12.00
# Visual Studio Version 17
VisualStudioVersion = 17.2.32616.157
MinimumVisualStudioVersion = 10.0.40219.1
Project("{FAE04EC0-301F-11D3-BF4B-00C04F79EFBC}") = "HilbertGen", "HilbertGen.csproj", "{4373AD84-6FFE-43AD-A204-30EBF84B7446}"
EndProject
Global
	GlobalSection(SolutionConfigurationPlatforms) = preSolution
		Debug|Any CPU = Debug|Any CPU
		Release|Any CPU = Release|Any CPU
	EndGlobalSection
	GlobalSection(ProjectConfigurationPlatforms) = postSolution
		{4373AD84-6FFE-43AD-A204-30EBF84B7446}.Debug|Any CPU.ActiveCfg = Debug|Any CPU
		{4373AD84-6FFE-43AD-A204-30EBF84B7446}.Debug|Any CPU.Build.0 = Debug|Any CPU
		{4373AD84-6FFE-43AD-A204-30EBF84B7446}.Release|Any CPU.ActiveCfg = Release|Any CPU
		{4373AD84-6FFE-43AD-A204-30EBF84B7446}.Release|Any CPU.Build.0 = Release|Any CPU
	EndGlobalSection
	GlobalSection(SolutionProperties) = preSolution
		HideSolutionNode = FALSE
	EndGlobalSection
	GlobalSection(ExtensibilityGlobals) = postSolution
		SolutionGuid = {AC9FACCC-D8C0-4117-BC28-83782E759D6E}
	EndGlobalSection
EndGlobal
